
Microsoft Visual Studio Solution File, Format Version 12.00
# Visual Studio 14
VisualStudioVersion = 14.0.25420.1
MinimumVisualStudioVersion = 10.0.40219.1
Project("{2150E333-8FDC-42A3-9474-1A3956D46DE8}") = "Module", "Module", "{649E133C-0183-4C20-825A-4B18A2F9A6AA}"
EndProject
Project("{FAE04EC0-301F-11D3-BF4B-00C04F79EFBC}") = "HHMES.Bridge", "HHMES.Bridge\HHMES.Bridge.csproj", "{C722EFFF-6985-478D-9BB2-C536821AC2FE}"
EndProject
Project("{FAE04EC0-301F-11D3-BF4B-00C04F79EFBC}") = "HHMES.Business", "HHMES.Business\HHMES.Business.csproj", "{A674DB78-C6CB-409B-893D-728ABF88EC84}"
EndProject
Project("{FAE04EC0-301F-11D3-BF4B-00C04F79EFBC}") = "HHMES.Common", "HHMES.Common\HHMES.Common.csproj", "{269ECEFF-B6C2-4708-86BA-AFBB1A2B045C}"
EndProject
Project("{FAE04EC0-301F-11D3-BF4B-00C04F79EFBC}") = "HHMES.Core", "HHMES.Core\HHMES.Core.csproj", "{2A59861C-5D4D-4768-B31F-7F59A8517DAE}"
EndProject
Project("{FAE04EC0-301F-11D3-BF4B-00C04F79EFBC}") = "HHMES.DataDictionary", "HHMES.DataDictionary\HHMES.DataDictionary.csproj", "{F0C39712-4D98-4C86-93DE-179E24C66CC2}"
EndProject
Project("{FAE04EC0-301F-11D3-BF4B-00C04F79EFBC}") = "HHMES.Interfaces", "HHMES.Interfaces\HHMES.Interfaces.csproj", "{E96FA431-A247-49F3-892B-03E411957180}"
EndProject
Project("{FAE04EC0-301F-11D3-BF4B-00C04F79EFBC}") = "HHMES.InventoryModule", "HHMES.InventoryModule\HHMES.InventoryModule.csproj", "{6DA68948-6121-4093-8CCF-BA7A8C1E8C7C}"
EndProject
Project("{FAE04EC0-301F-11D3-BF4B-00C04F79EFBC}") = "HHMES.Library", "HHMES.Library\HHMES.Library.csproj", "{CC733F2A-65DE-411F-9093-71CD3A5D9B27}"
EndProject
Project("{FAE04EC0-301F-11D3-BF4B-00C04F79EFBC}") = "HHMES.Main", "HHMES.Main\HHMES.Main.csproj", "{8754C65B-7D15-4E74-B9AF-575107B5A6C6}"
EndProject
Project("{FAE04EC0-301F-11D3-BF4B-00C04F79EFBC}") = "HHMES.Models", "HHMES.Models\HHMES.Models.csproj", "{2CF256B2-F5E0-4670-8644-08DDF65B0009}"
EndProject
Project("{FAE04EC0-301F-11D3-BF4B-00C04F79EFBC}") = "HHMES.ORM", "HHMES.ORM\HHMES.ORM.csproj", "{34000ABD-4169-45B5-A668-1901F1EB5FDE}"
EndProject
Project("{FAE04EC0-301F-11D3-BF4B-00C04F79EFBC}") = "HHMES.SystemModule", "HHMES.SystemModule\HHMES.SystemModule.csproj", "{DA270C63-D5C3-4AD4-A18E-996F8A37DCE3}"
EndProject
Project("{FAE04EC0-301F-11D3-BF4B-00C04F79EFBC}") = "HHMES.Tools.ClassGenerator", "HHMES.Tools.ClassGenerator\HHMES.Tools.ClassGenerator.csproj", "{7167CA15-E74C-4730-B967-7233EF56BD5D}"
EndProject
Project("{FAE04EC0-301F-11D3-BF4B-00C04F79EFBC}") = "HHMES.Tools.SqlConnector", "HHMES.Tools.SqlConnector\HHMES.Tools.SqlConnector.csproj", "{B9D9795D-24C1-4D38-8DE5-A7A4C10FF24D}"
EndProject
Project("{FAE04EC0-301F-11D3-BF4B-00C04F79EFBC}") = "HHMES.WebServiceReference", "HHMES.WebServiceReference\HHMES.WebServiceReference.csproj", "{830D9756-D0F4-4140-8AFC-500E8ECA03C4}"
EndProject
Project("{FAE04EC0-301F-11D3-BF4B-00C04F79EFBC}") = "HHMES.Server.DataAccess", "..\HHMES.Server\HHMES.Server.DataAccess\HHMES.Server.DataAccess.csproj", "{D1317673-F72E-404C-B7FA-D5B09EF40665}"
EndProject
Project("{FAE04EC0-301F-11D3-BF4B-00C04F79EFBC}") = "HHMES.DocumentModule", "HHMES.DocumentModule\HHMES.DocumentModule.csproj", "{227F920A-D9DE-4A54-88DE-C70E06E55EF7}"
EndProject
Project("{FAE04EC0-301F-11D3-BF4B-00C04F79EFBC}") = "HHMES.InterfaceModule", "HHMES.InterfaceModule\HHMES.InterfaceModule.csproj", "{02F9C07F-209E-4FA4-9438-D47B07E1F648}"
EndProject
Project("{FAE04EC0-301F-11D3-BF4B-00C04F79EFBC}") = "HHMES.ConfigModule", "HHMES.ConfigModule\HHMES.ConfigModule.csproj", "{150FCB89-AB9E-4EDD-A5A9-DDAC9747E5A0}"
EndProject
Project("{FAE04EC0-301F-11D3-BF4B-00C04F79EFBC}") = "HHMES.MonitorModule", "HHMES.MonitorModule\HHMES.MonitorModule.csproj", "{41F398A3-50A9-4874-98DF-78A2B12586A3}"
EndProject
Project("{FAE04EC0-301F-11D3-BF4B-00C04F79EFBC}") = "HHMES.TaskModule", "HHMES.TaskModule\HHMES.TaskModule.csproj", "{6C8905C1-C8FF-4D7A-BBAE-83D4C7831118}"
EndProject
Project("{FAE04EC0-301F-11D3-BF4B-00C04F79EFBC}") = "HHMES.ReportModule", "HHMES.ReportModule\HHMES.ReportModule.csproj", "{74378409-2CDC-4D5C-BEA7-5EDA5584975A}"
EndProject
Global
	GlobalSection(SolutionConfigurationPlatforms) = preSolution
		Debug|Any CPU = Debug|Any CPU
		Release|Any CPU = Release|Any CPU
	EndGlobalSection
	GlobalSection(ProjectConfigurationPlatforms) = postSolution
		{C722EFFF-6985-478D-9BB2-C536821AC2FE}.Debug|Any CPU.ActiveCfg = Debug|Any CPU
		{C722EFFF-6985-478D-9BB2-C536821AC2FE}.Debug|Any CPU.Build.0 = Debug|Any CPU
		{C722EFFF-6985-478D-9BB2-C536821AC2FE}.Release|Any CPU.ActiveCfg = Release|Any CPU
		{C722EFFF-6985-478D-9BB2-C536821AC2FE}.Release|Any CPU.Build.0 = Release|Any CPU
		{A674DB78-C6CB-409B-893D-728ABF88EC84}.Debug|Any CPU.ActiveCfg = Debug|Any CPU
		{A674DB78-C6CB-409B-893D-728ABF88EC84}.Debug|Any CPU.Build.0 = Debug|Any CPU
		{A674DB78-C6CB-409B-893D-728ABF88EC84}.Release|Any CPU.ActiveCfg = Release|Any CPU
		{A674DB78-C6CB-409B-893D-728ABF88EC84}.Release|Any CPU.Build.0 = Release|Any CPU
		{269ECEFF-B6C2-4708-86BA-AFBB1A2B045C}.Debug|Any CPU.ActiveCfg = Debug|Any CPU
		{269ECEFF-B6C2-4708-86BA-AFBB1A2B045C}.Debug|Any CPU.Build.0 = Debug|Any CPU
		{269ECEFF-B6C2-4708-86BA-AFBB1A2B045C}.Release|Any CPU.ActiveCfg = Release|Any CPU
		{269ECEFF-B6C2-4708-86BA-AFBB1A2B045C}.Release|Any CPU.Build.0 = Release|Any CPU
		{2A59861C-5D4D-4768-B31F-7F59A8517DAE}.Debug|Any CPU.ActiveCfg = Debug|Any CPU
		{2A59861C-5D4D-4768-B31F-7F59A8517DAE}.Debug|Any CPU.Build.0 = Debug|Any CPU
		{2A59861C-5D4D-4768-B31F-7F59A8517DAE}.Release|Any CPU.ActiveCfg = Release|Any CPU
		{2A59861C-5D4D-4768-B31F-7F59A8517DAE}.Release|Any CPU.Build.0 = Release|Any CPU
		{F0C39712-4D98-4C86-93DE-179E24C66CC2}.Debug|Any CPU.ActiveCfg = Debug|Any CPU
		{F0C39712-4D98-4C86-93DE-179E24C66CC2}.Debug|Any CPU.Build.0 = Debug|Any CPU
		{F0C39712-4D98-4C86-93DE-179E24C66CC2}.Release|Any CPU.ActiveCfg = Release|Any CPU
		{F0C39712-4D98-4C86-93DE-179E24C66CC2}.Release|Any CPU.Build.0 = Release|Any CPU
		{E96FA431-A247-49F3-892B-03E411957180}.Debug|Any CPU.ActiveCfg = Debug|Any CPU
		{E96FA431-A247-49F3-892B-03E411957180}.Debug|Any CPU.Build.0 = Debug|Any CPU
		{E96FA431-A247-49F3-892B-03E411957180}.Release|Any CPU.ActiveCfg = Release|Any CPU
		{E96FA431-A247-49F3-892B-03E411957180}.Release|Any CPU.Build.0 = Release|Any CPU
		{6DA68948-6121-4093-8CCF-BA7A8C1E8C7C}.Debug|Any CPU.ActiveCfg = Debug|Any CPU
		{6DA68948-6121-4093-8CCF-BA7A8C1E8C7C}.Debug|Any CPU.Build.0 = Debug|Any CPU
		{6DA68948-6121-4093-8CCF-BA7A8C1E8C7C}.Release|Any CPU.ActiveCfg = Release|Any CPU
		{6DA68948-6121-4093-8CCF-BA7A8C1E8C7C}.Release|Any CPU.Build.0 = Release|Any CPU
		{CC733F2A-65DE-411F-9093-71CD3A5D9B27}.Debug|Any CPU.ActiveCfg = Debug|Any CPU
		{CC733F2A-65DE-411F-9093-71CD3A5D9B27}.Debug|Any CPU.Build.0 = Debug|Any CPU
		{CC733F2A-65DE-411F-9093-71CD3A5D9B27}.Release|Any CPU.ActiveCfg = Release|Any CPU
		{CC733F2A-65DE-411F-9093-71CD3A5D9B27}.Release|Any CPU.Build.0 = Release|Any CPU
		{8754C65B-7D15-4E74-B9AF-575107B5A6C6}.Debug|Any CPU.ActiveCfg = Debug|Any CPU
		{8754C65B-7D15-4E74-B9AF-575107B5A6C6}.Debug|Any CPU.Build.0 = Debug|Any CPU
		{8754C65B-7D15-4E74-B9AF-575107B5A6C6}.Release|Any CPU.ActiveCfg = Release|Any CPU
		{8754C65B-7D15-4E74-B9AF-575107B5A6C6}.Release|Any CPU.Build.0 = Release|Any CPU
		{2CF256B2-F5E0-4670-8644-08DDF65B0009}.Debug|Any CPU.ActiveCfg = Debug|Any CPU
		{2CF256B2-F5E0-4670-8644-08DDF65B0009}.Debug|Any CPU.Build.0 = Debug|Any CPU
		{2CF256B2-F5E0-4670-8644-08DDF65B0009}.Release|Any CPU.ActiveCfg = Release|Any CPU
		{2CF256B2-F5E0-4670-8644-08DDF65B0009}.Release|Any CPU.Build.0 = Release|Any CPU
		{34000ABD-4169-45B5-A668-1901F1EB5FDE}.Debug|Any CPU.ActiveCfg = Debug|Any CPU
		{34000ABD-4169-45B5-A668-1901F1EB5FDE}.Debug|Any CPU.Build.0 = Debug|Any CPU
		{34000ABD-4169-45B5-A668-1901F1EB5FDE}.Release|Any CPU.ActiveCfg = Release|Any CPU
		{34000ABD-4169-45B5-A668-1901F1EB5FDE}.Release|Any CPU.Build.0 = Release|Any CPU
		{DA270C63-D5C3-4AD4-A18E-996F8A37DCE3}.Debug|Any CPU.ActiveCfg = Debug|Any CPU
		{DA270C63-D5C3-4AD4-A18E-996F8A37DCE3}.Debug|Any CPU.Build.0 = Debug|Any CPU
		{DA270C63-D5C3-4AD4-A18E-996F8A37DCE3}.Release|Any CPU.ActiveCfg = Release|Any CPU
		{DA270C63-D5C3-4AD4-A18E-996F8A37DCE3}.Release|Any CPU.Build.0 = Release|Any CPU
		{7167CA15-E74C-4730-B967-7233EF56BD5D}.Debug|Any CPU.ActiveCfg = Debug|Any CPU
		{7167CA15-E74C-4730-B967-7233EF56BD5D}.Debug|Any CPU.Build.0 = Debug|Any CPU
		{7167CA15-E74C-4730-B967-7233EF56BD5D}.Release|Any CPU.ActiveCfg = Release|Any CPU
		{7167CA15-E74C-4730-B967-7233EF56BD5D}.Release|Any CPU.Build.0 = Release|Any CPU
		{B9D9795D-24C1-4D38-8DE5-A7A4C10FF24D}.Debug|Any CPU.ActiveCfg = Debug|Any CPU
		{B9D9795D-24C1-4D38-8DE5-A7A4C10FF24D}.Debug|Any CPU.Build.0 = Debug|Any CPU
		{B9D9795D-24C1-4D38-8DE5-A7A4C10FF24D}.Release|Any CPU.ActiveCfg = Release|Any CPU
		{B9D9795D-24C1-4D38-8DE5-A7A4C10FF24D}.Release|Any CPU.Build.0 = Release|Any CPU
		{830D9756-D0F4-4140-8AFC-500E8ECA03C4}.Debug|Any CPU.ActiveCfg = Debug|Any CPU
		{830D9756-D0F4-4140-8AFC-500E8ECA03C4}.Debug|Any CPU.Build.0 = Debug|Any CPU
		{830D9756-D0F4-4140-8AFC-500E8ECA03C4}.Release|Any CPU.ActiveCfg = Release|Any CPU
		{830D9756-D0F4-4140-8AFC-500E8ECA03C4}.Release|Any CPU.Build.0 = Release|Any CPU
		{D1317673-F72E-404C-B7FA-D5B09EF40665}.Debug|Any CPU.ActiveCfg = Debug|Any CPU
		{D1317673-F72E-404C-B7FA-D5B09EF40665}.Debug|Any CPU.Build.0 = Debug|Any CPU
		{D1317673-F72E-404C-B7FA-D5B09EF40665}.Release|Any CPU.ActiveCfg = Release|Any CPU
		{D1317673-F72E-404C-B7FA-D5B09EF40665}.Release|Any CPU.Build.0 = Release|Any CPU
		{227F920A-D9DE-4A54-88DE-C70E06E55EF7}.Debug|Any CPU.ActiveCfg = Debug|Any CPU
		{227F920A-D9DE-4A54-88DE-C70E06E55EF7}.Debug|Any CPU.Build.0 = Debug|Any CPU
		{227F920A-D9DE-4A54-88DE-C70E06E55EF7}.Release|Any CPU.ActiveCfg = Release|Any CPU
		{227F920A-D9DE-4A54-88DE-C70E06E55EF7}.Release|Any CPU.Build.0 = Release|Any CPU
		{02F9C07F-209E-4FA4-9438-D47B07E1F648}.Debug|Any CPU.ActiveCfg = Debug|Any CPU
		{02F9C07F-209E-4FA4-9438-D47B07E1F648}.Debug|Any CPU.Build.0 = Debug|Any CPU
		{02F9C07F-209E-4FA4-9438-D47B07E1F648}.Release|Any CPU.ActiveCfg = Release|Any CPU
		{02F9C07F-209E-4FA4-9438-D47B07E1F648}.Release|Any CPU.Build.0 = Release|Any CPU
		{150FCB89-AB9E-4EDD-A5A9-DDAC9747E5A0}.Debug|Any CPU.ActiveCfg = Debug|Any CPU
		{150FCB89-AB9E-4EDD-A5A9-DDAC9747E5A0}.Debug|Any CPU.Build.0 = Debug|Any CPU
		{150FCB89-AB9E-4EDD-A5A9-DDAC9747E5A0}.Release|Any CPU.ActiveCfg = Release|Any CPU
		{150FCB89-AB9E-4EDD-A5A9-DDAC9747E5A0}.Release|Any CPU.Build.0 = Release|Any CPU
		{41F398A3-50A9-4874-98DF-78A2B12586A3}.Debug|Any CPU.ActiveCfg = Debug|Any CPU
		{41F398A3-50A9-4874-98DF-78A2B12586A3}.Debug|Any CPU.Build.0 = Debug|Any CPU
		{41F398A3-50A9-4874-98DF-78A2B12586A3}.Release|Any CPU.ActiveCfg = Release|Any CPU
		{41F398A3-50A9-4874-98DF-78A2B12586A3}.Release|Any CPU.Build.0 = Release|Any CPU
		{6C8905C1-C8FF-4D7A-BBAE-83D4C7831118}.Debug|Any CPU.ActiveCfg = Debug|Any CPU
		{6C8905C1-C8FF-4D7A-BBAE-83D4C7831118}.Debug|Any CPU.Build.0 = Debug|Any CPU
		{6C8905C1-C8FF-4D7A-BBAE-83D4C7831118}.Release|Any CPU.ActiveCfg = Release|Any CPU
		{6C8905C1-C8FF-4D7A-BBAE-83D4C7831118}.Release|Any CPU.Build.0 = Release|Any CPU
		{74378409-2CDC-4D5C-BEA7-5EDA5584975A}.Debug|Any CPU.ActiveCfg = Debug|Any CPU
		{74378409-2CDC-4D5C-BEA7-5EDA5584975A}.Debug|Any CPU.Build.0 = Debug|Any CPU
		{74378409-2CDC-4D5C-BEA7-5EDA5584975A}.Release|Any CPU.ActiveCfg = Release|Any CPU
		{74378409-2CDC-4D5C-BEA7-5EDA5584975A}.Release|Any CPU.Build.0 = Release|Any CPU
	EndGlobalSection
	GlobalSection(SolutionProperties) = preSolution
		HideSolutionNode = FALSE
	EndGlobalSection
	GlobalSection(NestedProjects) = preSolution
		{F0C39712-4D98-4C86-93DE-179E24C66CC2} = {649E133C-0183-4C20-825A-4B18A2F9A6AA}
		{6DA68948-6121-4093-8CCF-BA7A8C1E8C7C} = {649E133C-0183-4C20-825A-4B18A2F9A6AA}
		{DA270C63-D5C3-4AD4-A18E-996F8A37DCE3} = {649E133C-0183-4C20-825A-4B18A2F9A6AA}
		{227F920A-D9DE-4A54-88DE-C70E06E55EF7} = {649E133C-0183-4C20-825A-4B18A2F9A6AA}
		{02F9C07F-209E-4FA4-9438-D47B07E1F648} = {649E133C-0183-4C20-825A-4B18A2F9A6AA}
		{150FCB89-AB9E-4EDD-A5A9-DDAC9747E5A0} = {649E133C-0183-4C20-825A-4B18A2F9A6AA}
		{41F398A3-50A9-4874-98DF-78A2B12586A3} = {649E133C-0183-4C20-825A-4B18A2F9A6AA}
		{6C8905C1-C8FF-4D7A-BBAE-83D4C7831118} = {649E133C-0183-4C20-825A-4B18A2F9A6AA}
		{74378409-2CDC-4D5C-BEA7-5EDA5584975A} = {649E133C-0183-4C20-825A-4B18A2F9A6AA}
	EndGlobalSection
EndGlobal
